PODS:
  - ActivityIndicatorView (1.1.0)
  - Alamofire (5.5.0)
  - AlertToast (1.3.7)
  - BottomSheetSwiftUI (2.7.0)
  - Gifu (3.3.1)
  - Nuke (10.7.1)
  - NukeUI (0.8.0):
    - Gifu (~> 3.0)
    - Nuke (~> 10.5)
  - WaterfallGrid (1.0.1)

DEPENDENCIES:
  - ActivityIndicatorView
  - Alamofire
  - AlertToast
  - BottomSheetSwiftUI
  - NukeUI
  - WaterfallGrid (~> 1.0.0)

SPEC REPOS:
  trunk:
    - ActivityIndicatorView
    - Alamofire
    - AlertToast
    - BottomSheetSwiftUI
    - Gifu
    - Nuke
    - NukeUI
    - WaterfallGrid

SPEC CHECKSUMS:
  ActivityIndicatorView: 2a73f96feeb64c8583a0a9dfeeee27ddb8f71b4d
  Alamofire: 1c4fb5369c3fe93d2857c780d8bbe09f06f97e7c
  AlertToast: 8c9d5efb2df6ea728b32b62bce99d876ec3e5393
  BottomSheetSwiftUI: 57c6e635baeeae878508883b6985051556172515
  Gifu: 416d4e38c4c2fed012f019e0a1d3ffcb58e5b842
  Nuke: 279f17a599fd1c83cf51de5e0e1f2db143a287b0
  NukeUI: 6e99837a8d066c93baa4262692d9ea9ffbc863ba
  WaterfallGrid: 0554a759d9a8aa136fc1769480ddb01bc6fb94b9

PODFILE CHECKSUM: 78f97a630b1d973ccf08f5801ef0c9e2716debe6

COCOAPODS: 1.11.2
