PODS:
  - Alamofire (5.5.0)
  - BottomSheetSwiftUI (2.7.0)
  - WaterfallGrid (1.0.1)

DEPENDENCIES:
  - Alamofire
  - BottomSheetSwiftUI
  - WaterfallGrid (~> 1.0.0)

SPEC REPOS:
  trunk:
    - Alamofire
    - BottomSheetSwiftUI
    - WaterfallGrid

SPEC CHECKSUMS:
  Alamofire: 1c4fb5369c3fe93d2857c780d8bbe09f06f97e7c
  BottomSheetSwiftUI: 57c6e635baeeae878508883b6985051556172515
  WaterfallGrid: 0554a759d9a8aa136fc1769480ddb01bc6fb94b9

PODFILE CHECKSUM: 8247cb7a24892100d5bb8a1cbc9523afc4c45401

COCOAPODS: 1.11.2
