// !$*UTF8*$!
{
	archiveVersion = 1;
	classes = {
	};
	objectVersion = 55;
	objects = {

/* Begin PBXBuildFile section */
		1A6F68E759E08D485633E860 /* Pods_UnsPlashSwiftUI.framework in Frameworks */ = {isa = PBXBuildFile; fileRef = 639F0CF7736489DE7B3C56BE /* Pods_UnsPlashSwiftUI.framework */; };
		F40E72572834EE88004F2B9F /* SelectedTopicScreen.swift in Sources */ = {isa = PBXBuildFile; fileRef = F40E72562834EE88004F2B9F /* SelectedTopicScreen.swift */; };
		F4525EC0281E8F44008C52DF /* UnsPlashSwiftUIApp.swift in Sources */ = {isa = PBXBuildFile; fileRef = F4525EBF281E8F44008C52DF /* UnsPlashSwiftUIApp.swift */; };
		F4525EC2281E8F44008C52DF /* ContentView.swift in Sources */ = {isa = PBXBuildFile; fileRef = F4525EC1281E8F44008C52DF /* ContentView.swift */; };
		F4525EC4281E8F45008C52DF /* Assets.xcassets in Resources */ = {isa = PBXBuildFile; fileRef = F4525EC3281E8F45008C52DF /* Assets.xcassets */; };
		F4525EC7281E8F45008C52DF /* Preview Assets.xcassets in Resources */ = {isa = PBXBuildFile; fileRef = F4525EC6281E8F45008C52DF /* Preview Assets.xcassets */; };
		F4525ED1281EA2BD008C52DF /* ApiError.swift in Sources */ = {isa = PBXBuildFile; fileRef = F4525ED0281EA2BD008C52DF /* ApiError.swift */; };
		F4525ED4281EA2F6008C52DF /* AppConst.swift in Sources */ = {isa = PBXBuildFile; fileRef = F4525ED3281EA2F6008C52DF /* AppConst.swift */; };
		F4525ED8281EA330008C52DF /* HomeScreen.swift in Sources */ = {isa = PBXBuildFile; fileRef = F4525ED7281EA330008C52DF /* HomeScreen.swift */; };
		F4525EDA281EA49B008C52DF /* HomeImageRespone.swift in Sources */ = {isa = PBXBuildFile; fileRef = F4525ED9281EA49B008C52DF /* HomeImageRespone.swift */; };
		F4525EDF281EB86F008C52DF /* AppNetworkImage.swift in Sources */ = {isa = PBXBuildFile; fileRef = F4525EDE281EB86F008C52DF /* AppNetworkImage.swift */; };
		F4525EE1281EB8A4008C52DF /* UiHelper.swift in Sources */ = {isa = PBXBuildFile; fileRef = F4525EE0281EB8A4008C52DF /* UiHelper.swift */; };
		F48044CE2821225B004AAD86 /* DownloadImage.swift in Sources */ = {isa = PBXBuildFile; fileRef = F48044CD2821225B004AAD86 /* DownloadImage.swift */; };
		F48044D0282126DE004AAD86 /* DownloadListItem.swift in Sources */ = {isa = PBXBuildFile; fileRef = F48044CF282126DE004AAD86 /* DownloadListItem.swift */; };
		F48044D22821340A004AAD86 /* DownlodClass.swift in Sources */ = {isa = PBXBuildFile; fileRef = F48044D128213409004AAD86 /* DownlodClass.swift */; };
		F48044D42821431B004AAD86 /* SearchImageScreen.swift in Sources */ = {isa = PBXBuildFile; fileRef = F48044D32821431B004AAD86 /* SearchImageScreen.swift */; };
		F48044D6282147DA004AAD86 /* SearchResponse.swift in Sources */ = {isa = PBXBuildFile; fileRef = F48044D5282147DA004AAD86 /* SearchResponse.swift */; };
		F48044D928214869004AAD86 /* TopicResponse.swift in Sources */ = {isa = PBXBuildFile; fileRef = F48044D728214869004AAD86 /* TopicResponse.swift */; };
		F48044DA28214869004AAD86 /* TopicImageResponse.swift in Sources */ = {isa = PBXBuildFile; fileRef = F48044D828214869004AAD86 /* TopicImageResponse.swift */; };
		F4AA9C36281FD61A004805EA /* Users.swift in Sources */ = {isa = PBXBuildFile; fileRef = F4AA9C35281FD61A004805EA /* Users.swift */; };
		F4AA9C38281FD6A8004805EA /* UserView.swift in Sources */ = {isa = PBXBuildFile; fileRef = F4AA9C37281FD6A8004805EA /* UserView.swift */; };
		F4AA9C3A281FD6B0004805EA /* UsersView.swift in Sources */ = {isa = PBXBuildFile; fileRef = F4AA9C39281FD6B0004805EA /* UsersView.swift */; };
		F4AA9C3C281FD6B6004805EA /* UsersViewModel.swift in Sources */ = {isa = PBXBuildFile; fileRef = F4AA9C3B281FD6B6004805EA /* UsersViewModel.swift */; };
		F4AA9C40281FDCB7004805EA /* AppNetWorking.swift in Sources */ = {isa = PBXBuildFile; fileRef = F4AA9C3F281FDCB7004805EA /* AppNetWorking.swift */; };
		F4AA9C42281FF951004805EA /* SelectedImage.swift in Sources */ = {isa = PBXBuildFile; fileRef = F4AA9C41281FF951004805EA /* SelectedImage.swift */; };
		F4AA9C44281FF9CE004805EA /* SelctedImageModal.swift in Sources */ = {isa = PBXBuildFile; fileRef = F4AA9C43281FF9CE004805EA /* SelctedImageModal.swift */; };
		F4AA9C46281FFC93004805EA /* ReadData.swift in Sources */ = {isa = PBXBuildFile; fileRef = F4AA9C45281FFC93004805EA /* ReadData.swift */; };
		F4AA9C48281FFCA6004805EA /* data.json in Resources */ = {isa = PBXBuildFile; fileRef = F4AA9C47281FFCA6004805EA /* data.json */; };
		F4AECAEC2830F13D008394A5 /* HotImageScreen.swift in Sources */ = {isa = PBXBuildFile; fileRef = F4AECAEB2830F13D008394A5 /* HotImageScreen.swift */; };
		F4C5E56928315107004FFE7C /* TopicsScreen.swift in Sources */ = {isa = PBXBuildFile; fileRef = F4C5E56828315107004FFE7C /* TopicsScreen.swift */; };
/* End PBXBuildFile section */

/* Begin PBXFileReference section */
		639F0CF7736489DE7B3C56BE /* Pods_UnsPlashSwiftUI.framework */ = {isa = PBXFileReference; explicitFileType = wrapper.framework; includeInIndex = 0; path = Pods_UnsPlashSwiftUI.framework; sourceTree = BUILT_PRODUCTS_DIR; };
		AC7EDA409E941B8430C238AF /* Pods-UnsPlashSwiftUI.debug.xcconfig */ = {isa = PBXFileReference; includeInIndex = 1; lastKnownFileType = text.xcconfig; name = "Pods-UnsPlashSwiftUI.debug.xcconfig"; path = "Target Support Files/Pods-UnsPlashSwiftUI/Pods-UnsPlashSwiftUI.debug.xcconfig"; sourceTree = "<group>"; };
		F40E72562834EE88004F2B9F /* SelectedTopicScreen.swift */ = {isa = PBXFileReference; lastKnownFileType = sourcecode.swift; path = SelectedTopicScreen.swift; sourceTree = "<group>"; };
		F4525EBC281E8F44008C52DF /* UnsPlashSwiftUI.app */ = {isa = PBXFileReference; explicitFileType = wrapper.application; includeInIndex = 0; path = UnsPlashSwiftUI.app; sourceTree = BUILT_PRODUCTS_DIR; };
		F4525EBF281E8F44008C52DF /* UnsPlashSwiftUIApp.swift */ = {isa = PBXFileReference; lastKnownFileType = sourcecode.swift; path = UnsPlashSwiftUIApp.swift; sourceTree = "<group>"; };
		F4525EC1281E8F44008C52DF /* ContentView.swift */ = {isa = PBXFileReference; lastKnownFileType = sourcecode.swift; path = ContentView.swift; sourceTree = "<group>"; };
		F4525EC3281E8F45008C52DF /* Assets.xcassets */ = {isa = PBXFileReference; lastKnownFileType = folder.assetcatalog; path = Assets.xcassets; sourceTree = "<group>"; };
		F4525EC6281E8F45008C52DF /* Preview Assets.xcassets */ = {isa = PBXFileReference; lastKnownFileType = folder.assetcatalog; path = "Preview Assets.xcassets"; sourceTree = "<group>"; };
		F4525ED0281EA2BD008C52DF /* ApiError.swift */ = {isa = PBXFileReference; lastKnownFileType = sourcecode.swift; path = ApiError.swift; sourceTree = "<group>"; };
		F4525ED3281EA2F6008C52DF /* AppConst.swift */ = {isa = PBXFileReference; lastKnownFileType = sourcecode.swift; path = AppConst.swift; sourceTree = "<group>"; };
		F4525ED7281EA330008C52DF /* HomeScreen.swift */ = {isa = PBXFileReference; lastKnownFileType = sourcecode.swift; path = HomeScreen.swift; sourceTree = "<group>"; };
		F4525ED9281EA49B008C52DF /* HomeImageRespone.swift */ = {isa = PBXFileReference; lastKnownFileType = sourcecode.swift; path = HomeImageRespone.swift; sourceTree = "<group>"; };
		F4525EDE281EB86F008C52DF /* AppNetworkImage.swift */ = {isa = PBXFileReference; lastKnownFileType = sourcecode.swift; path = AppNetworkImage.swift; sourceTree = "<group>"; };
		F4525EE0281EB8A4008C52DF /* UiHelper.swift */ = {isa = PBXFileReference; lastKnownFileType = sourcecode.swift; path = UiHelper.swift; sourceTree = "<group>"; };
		F48044CD2821225B004AAD86 /* DownloadImage.swift */ = {isa = PBXFileReference; lastKnownFileType = sourcecode.swift; path = DownloadImage.swift; sourceTree = "<group>"; };
		F48044CF282126DE004AAD86 /* DownloadListItem.swift */ = {isa = PBXFileReference; lastKnownFileType = sourcecode.swift; path = DownloadListItem.swift; sourceTree = "<group>"; };
		F48044D128213409004AAD86 /* DownlodClass.swift */ = {isa = PBXFileReference; lastKnownFileType = sourcecode.swift; path = DownlodClass.swift; sourceTree = "<group>"; };
		F48044D32821431B004AAD86 /* SearchImageScreen.swift */ = {isa = PBXFileReference; lastKnownFileType = sourcecode.swift; path = SearchImageScreen.swift; sourceTree = "<group>"; };
		F48044D5282147DA004AAD86 /* SearchResponse.swift */ = {isa = PBXFileReference; lastKnownFileType = sourcecode.swift; path = SearchResponse.swift; sourceTree = "<group>"; };
		F48044D728214869004AAD86 /* TopicResponse.swift */ = {isa = PBXFileReference; fileEncoding = 4; lastKnownFileType = sourcecode.swift; path = TopicResponse.swift; sourceTree = "<group>"; };
		F48044D828214869004AAD86 /* TopicImageResponse.swift */ = {isa = PBXFileReference; fileEncoding = 4; lastKnownFileType = sourcecode.swift; path = TopicImageResponse.swift; sourceTree = "<group>"; };
		F4AA9C35281FD61A004805EA /* Users.swift */ = {isa = PBXFileReference; lastKnownFileType = sourcecode.swift; path = Users.swift; sourceTree = "<group>"; };
		F4AA9C37281FD6A8004805EA /* UserView.swift */ = {isa = PBXFileReference; fileEncoding = 4; lastKnownFileType = sourcecode.swift; path = UserView.swift; sourceTree = "<group>"; };
		F4AA9C39281FD6B0004805EA /* UsersView.swift */ = {isa = PBXFileReference; fileEncoding = 4; lastKnownFileType = sourcecode.swift; path = UsersView.swift; sourceTree = "<group>"; };
		F4AA9C3B281FD6B6004805EA /* UsersViewModel.swift */ = {isa = PBXFileReference; fileEncoding = 4; lastKnownFileType = sourcecode.swift; path = UsersViewModel.swift; sourceTree = "<group>"; };
		F4AA9C3F281FDCB7004805EA /* AppNetWorking.swift */ = {isa = PBXFileReference; lastKnownFileType = sourcecode.swift; path = AppNetWorking.swift; sourceTree = "<group>"; };
		F4AA9C41281FF951004805EA /* SelectedImage.swift */ = {isa = PBXFileReference; lastKnownFileType = sourcecode.swift; path = SelectedImage.swift; sourceTree = "<group>"; };
		F4AA9C43281FF9CE004805EA /* SelctedImageModal.swift */ = {isa = PBXFileReference; lastKnownFileType = sourcecode.swift; path = SelctedImageModal.swift; sourceTree = "<group>"; };
		F4AA9C45281FFC93004805EA /* ReadData.swift */ = {isa = PBXFileReference; lastKnownFileType = sourcecode.swift; path = ReadData.swift; sourceTree = "<group>"; };
		F4AA9C47281FFCA6004805EA /* data.json */ = {isa = PBXFileReference; fileEncoding = 4; lastKnownFileType = text.json; path = data.json; sourceTree = "<group>"; };
		F4AECAEB2830F13D008394A5 /* HotImageScreen.swift */ = {isa = PBXFileReference; lastKnownFileType = sourcecode.swift; path = HotImageScreen.swift; sourceTree = "<group>"; };
		F4C5E56828315107004FFE7C /* TopicsScreen.swift */ = {isa = PBXFileReference; lastKnownFileType = sourcecode.swift; path = TopicsScreen.swift; sourceTree = "<group>"; };
		F6EDA17043A9B75E266DFDDC /* Pods-UnsPlashSwiftUI.release.xcconfig */ = {isa = PBXFileReference; includeInIndex = 1; lastKnownFileType = text.xcconfig; name = "Pods-UnsPlashSwiftUI.release.xcconfig"; path = "Target Support Files/Pods-UnsPlashSwiftUI/Pods-UnsPlashSwiftUI.release.xcconfig"; sourceTree = "<group>"; };
/* End PBXFileReference section */

/* Begin PBXFrameworksBuildPhase section */
		F4525EB9281E8F44008C52DF /* Frameworks */ = {
			isa = PBXFrameworksBuildPhase;
			buildActionMask = 2147483647;
			files = (
				1A6F68E759E08D485633E860 /* Pods_UnsPlashSwiftUI.framework in Frameworks */,
			);
			runOnlyForDeploymentPostprocessing = 0;
		};
/* End PBXFrameworksBuildPhase section */

/* Begin PBXGroup section */
		06ECD818F75B73A07AF90184 /* Frameworks */ = {
			isa = PBXGroup;
			children = (
				639F0CF7736489DE7B3C56BE /* Pods_UnsPlashSwiftUI.framework */,
			);
			name = Frameworks;
			sourceTree = "<group>";
		};
		DD96ED51AD9C29512A52189A /* Pods */ = {
			isa = PBXGroup;
			children = (
				AC7EDA409E941B8430C238AF /* Pods-UnsPlashSwiftUI.debug.xcconfig */,
				F6EDA17043A9B75E266DFDDC /* Pods-UnsPlashSwiftUI.release.xcconfig */,
			);
			path = Pods;
			sourceTree = "<group>";
		};
		F4525EB3281E8F43008C52DF = {
			isa = PBXGroup;
			children = (
				F4525EBE281E8F44008C52DF /* UnsPlashSwiftUI */,
				F4525EBD281E8F44008C52DF /* Products */,
				DD96ED51AD9C29512A52189A /* Pods */,
				06ECD818F75B73A07AF90184 /* Frameworks */,
			);
			sourceTree = "<group>";
		};
		F4525EBD281E8F44008C52DF /* Products */ = {
			isa = PBXGroup;
			children = (
				F4525EBC281E8F44008C52DF /* UnsPlashSwiftUI.app */,
			);
			name = Products;
			sourceTree = "<group>";
		};
		F4525EBE281E8F44008C52DF /* UnsPlashSwiftUI */ = {
			isa = PBXGroup;
			children = (
				F4AA9C2A281FD5A5004805EA /* Demo */,
				F4525EDB281EB84B008C52DF /* Views */,
				F4525ED6281EA317008C52DF /* Screens */,
				F4525ED5281EA30C008C52DF /* Modal */,
				F4525ED2281EA2D8008C52DF /* Helper */,
				F4525ECF281EA2AD008C52DF /* Networking */,
				F4525EBF281E8F44008C52DF /* UnsPlashSwiftUIApp.swift */,
				F4525EC1281E8F44008C52DF /* ContentView.swift */,
				F4525EC3281E8F45008C52DF /* Assets.xcassets */,
				F4525EC5281E8F45008C52DF /* Preview Content */,
			);
			path = UnsPlashSwiftUI;
			sourceTree = "<group>";
		};
		F4525EC5281E8F45008C52DF /* Preview Content */ = {
			isa = PBXGroup;
			children = (
				F4525EC6281E8F45008C52DF /* Preview Assets.xcassets */,
			);
			path = "Preview Content";
			sourceTree = "<group>";
		};
		F4525ECF281EA2AD008C52DF /* Networking */ = {
			isa = PBXGroup;
			children = (
				F4525ED0281EA2BD008C52DF /* ApiError.swift */,
				F4AA9C3F281FDCB7004805EA /* AppNetWorking.swift */,
			);
			path = Networking;
			sourceTree = "<group>";
		};
		F4525ED2281EA2D8008C52DF /* Helper */ = {
			isa = PBXGroup;
			children = (
				F4525ED3281EA2F6008C52DF /* AppConst.swift */,
			);
			path = Helper;
			sourceTree = "<group>";
		};
		F4525ED5281EA30C008C52DF /* Modal */ = {
			isa = PBXGroup;
			children = (
				F48044D828214869004AAD86 /* TopicImageResponse.swift */,
				F48044D728214869004AAD86 /* TopicResponse.swift */,
				F4525ED9281EA49B008C52DF /* HomeImageRespone.swift */,
				F4AA9C43281FF9CE004805EA /* SelctedImageModal.swift */,
				F48044D128213409004AAD86 /* DownlodClass.swift */,
				F48044D5282147DA004AAD86 /* SearchResponse.swift */,
			);
			path = Modal;
			sourceTree = "<group>";
		};
		F4525ED6281EA317008C52DF /* Screens */ = {
			isa = PBXGroup;
			children = (
				F4525ED7281EA330008C52DF /* HomeScreen.swift */,
				F4AA9C41281FF951004805EA /* SelectedImage.swift */,
				F48044CD2821225B004AAD86 /* DownloadImage.swift */,
				F48044D32821431B004AAD86 /* SearchImageScreen.swift */,
				F4AECAEB2830F13D008394A5 /* HotImageScreen.swift */,
				F4C5E56828315107004FFE7C /* TopicsScreen.swift */,
				F40E72562834EE88004F2B9F /* SelectedTopicScreen.swift */,
			);
			path = Screens;
			sourceTree = "<group>";
		};
		F4525EDB281EB84B008C52DF /* Views */ = {
			isa = PBXGroup;
			children = (
				F4525EDE281EB86F008C52DF /* AppNetworkImage.swift */,
				F4525EE0281EB8A4008C52DF /* UiHelper.swift */,
				F48044CF282126DE004AAD86 /* DownloadListItem.swift */,
			);
			path = Views;
			sourceTree = "<group>";
		};
		F4AA9C2A281FD5A5004805EA /* Demo */ = {
			isa = PBXGroup;
			children = (
				F4AA9C47281FFCA6004805EA /* data.json */,
				F4AA9C3B281FD6B6004805EA /* UsersViewModel.swift */,
				F4AA9C39281FD6B0004805EA /* UsersView.swift */,
				F4AA9C37281FD6A8004805EA /* UserView.swift */,
				F4AA9C35281FD61A004805EA /* Users.swift */,
				F4AA9C45281FFC93004805EA /* ReadData.swift */,
			);
			path = Demo;
			sourceTree = "<group>";
		};
/* End PBXGroup section */

/* Begin PBXNativeTarget section */
		F4525EBB281E8F44008C52DF /* UnsPlashSwiftUI */ = {
			isa = PBXNativeTarget;
			buildConfigurationList = F4525ECA281E8F45008C52DF /* Build configuration list for PBXNativeTarget "UnsPlashSwiftUI" */;
			buildPhases = (
				B067A3B06702A16E0EE44232 /* [CP] Check Pods Manifest.lock */,
				F4525EB8281E8F44008C52DF /* Sources */,
				F4525EB9281E8F44008C52DF /* Frameworks */,
				F4525EBA281E8F44008C52DF /* Resources */,
				D51840A558559D6A5CA9A900 /* [CP] Embed Pods Frameworks */,
			);
			buildRules = (
			);
			dependencies = (
			);
			name = UnsPlashSwiftUI;
			productName = UnsPlashSwiftUI;
			productReference = F4525EBC281E8F44008C52DF /* UnsPlashSwiftUI.app */;
			productType = "com.apple.product-type.application";
		};
/* End PBXNativeTarget section */

/* Begin PBXProject section */
		F4525EB4281E8F43008C52DF /* Project object */ = {
			isa = PBXProject;
			attributes = {
				BuildIndependentTargetsInParallel = 1;
				LastSwiftUpdateCheck = 1330;
				LastUpgradeCheck = 1330;
				TargetAttributes = {
					F4525EBB281E8F44008C52DF = {
						CreatedOnToolsVersion = 13.3.1;
					};
				};
			};
			buildConfigurationList = F4525EB7281E8F43008C52DF /* Build configuration list for PBXProject "UnsPlashSwiftUI" */;
			compatibilityVersion = "Xcode 13.0";
			developmentRegion = en;
			hasScannedForEncodings = 0;
			knownRegions = (
				en,
				Base,
			);
			mainGroup = F4525EB3281E8F43008C52DF;
			productRefGroup = F4525EBD281E8F44008C52DF /* Products */;
			projectDirPath = "";
			projectRoot = "";
			targets = (
				F4525EBB281E8F44008C52DF /* UnsPlashSwiftUI */,
			);
		};
/* End PBXProject section */

/* Begin PBXResourcesBuildPhase section */
		F4525EBA281E8F44008C52DF /* Resources */ = {
			isa = PBXResourcesBuildPhase;
			buildActionMask = 2147483647;
			files = (
				F4525EC7281E8F45008C52DF /* Preview Assets.xcassets in Resources */,
				F4AA9C48281FFCA6004805EA /* data.json in Resources */,
				F4525EC4281E8F45008C52DF /* Assets.xcassets in Resources */,
			);
			runOnlyForDeploymentPostprocessing = 0;
		};
/* End PBXResourcesBuildPhase section */

/* Begin PBXShellScriptBuildPhase section */
		B067A3B06702A16E0EE44232 /* [CP] Check Pods Manifest.lock */ = {
			isa = PBXShellScriptBuildPhase;
			buildActionMask = 2147483647;
			files = (
			);
			inputFileListPaths = (
			);
			inputPaths = (
				"${PODS_PODFILE_DIR_PATH}/Podfile.lock",
				"${PODS_ROOT}/Manifest.lock",
			);
			name = "[CP] Check Pods Manifest.lock";
			outputFileListPaths = (
			);
			outputPaths = (
				"$(DERIVED_FILE_DIR)/Pods-UnsPlashSwiftUI-checkManifestLockResult.txt",
			);
			runOnlyForDeploymentPostprocessing = 0;
			shellPath = /bin/sh;
			shellScript = "diff \"${PODS_PODFILE_DIR_PATH}/Podfile.lock\" \"${PODS_ROOT}/Manifest.lock\" > /dev/null\nif [ $? != 0 ] ; then\n    # print error to STDERR\n    echo \"error: The sandbox is not in sync with the Podfile.lock. Run 'pod install' or update your CocoaPods installation.\" >&2\n    exit 1\nfi\n# This output is used by Xcode 'outputs' to avoid re-running this script phase.\necho \"SUCCESS\" > \"${SCRIPT_OUTPUT_FILE_0}\"\n";
			showEnvVarsInLog = 0;
		};
		D51840A558559D6A5CA9A900 /* [CP] Embed Pods Frameworks */ = {
			isa = PBXShellScriptBuildPhase;
			buildActionMask = 2147483647;
			files = (
			);
			inputFileListPaths = (
				"${PODS_ROOT}/Target Support Files/Pods-UnsPlashSwiftUI/Pods-UnsPlashSwiftUI-frameworks-${CONFIGURATION}-input-files.xcfilelist",
			);
			name = "[CP] Embed Pods Frameworks";
			outputFileListPaths = (
				"${PODS_ROOT}/Target Support Files/Pods-UnsPlashSwiftUI/Pods-UnsPlashSwiftUI-frameworks-${CONFIGURATION}-output-files.xcfilelist",
			);
			runOnlyForDeploymentPostprocessing = 0;
			shellPath = /bin/sh;
			shellScript = "\"${PODS_ROOT}/Target Support Files/Pods-UnsPlashSwiftUI/Pods-UnsPlashSwiftUI-frameworks.sh\"\n";
			showEnvVarsInLog = 0;
		};
/* End PBXShellScriptBuildPhase section */

/* Begin PBXSourcesBuildPhase section */
		F4525EB8281E8F44008C52DF /* Sources */ = {
			isa = PBXSourcesBuildPhase;
			buildActionMask = 2147483647;
			files = (
				F40E72572834EE88004F2B9F /* SelectedTopicScreen.swift in Sources */,
				F4AA9C42281FF951004805EA /* SelectedImage.swift in Sources */,
				F4525EC2281E8F44008C52DF /* ContentView.swift in Sources */,
				F4AA9C40281FDCB7004805EA /* AppNetWorking.swift in Sources */,
				F4AA9C3C281FD6B6004805EA /* UsersViewModel.swift in Sources */,
				F4AA9C36281FD61A004805EA /* Users.swift in Sources */,
				F4525EDF281EB86F008C52DF /* AppNetworkImage.swift in Sources */,
				F4525ED8281EA330008C52DF /* HomeScreen.swift in Sources */,
				F4525ED4281EA2F6008C52DF /* AppConst.swift in Sources */,
				F48044D22821340A004AAD86 /* DownlodClass.swift in Sources */,
				F48044CE2821225B004AAD86 /* DownloadImage.swift in Sources */,
				F4525EC0281E8F44008C52DF /* UnsPlashSwiftUIApp.swift in Sources */,
				F48044D42821431B004AAD86 /* SearchImageScreen.swift in Sources */,
				F4AA9C44281FF9CE004805EA /* SelctedImageModal.swift in Sources */,
				F4C5E56928315107004FFE7C /* TopicsScreen.swift in Sources */,
				F4525ED1281EA2BD008C52DF /* ApiError.swift in Sources */,
				F48044D928214869004AAD86 /* TopicResponse.swift in Sources */,
				F48044D6282147DA004AAD86 /* SearchResponse.swift in Sources */,
				F4AA9C38281FD6A8004805EA /* UserView.swift in Sources */,
				F4525EDA281EA49B008C52DF /* HomeImageRespone.swift in Sources */,
				F48044D0282126DE004AAD86 /* DownloadListItem.swift in Sources */,
				F4AA9C3A281FD6B0004805EA /* UsersView.swift in Sources */,
				F48044DA28214869004AAD86 /* TopicImageResponse.swift in Sources */,
				F4AECAEC2830F13D008394A5 /* HotImageScreen.swift in Sources */,
				F4525EE1281EB8A4008C52DF /* UiHelper.swift in Sources */,
				F4AA9C46281FFC93004805EA /* ReadData.swift in Sources */,
			);
			runOnlyForDeploymentPostprocessing = 0;
		};
/* End PBXSourcesBuildPhase section */

/* Begin XCBuildConfiguration section */
		F4525EC8281E8F45008C52DF /* Debug */ = {
			isa = XCBuildConfiguration;
			buildSettings = {
				ALWAYS_SEARCH_USER_PATHS = NO;
				CLANG_ANALYZER_NONNULL = YES;
				CLANG_ANALYZER_NUMBER_OBJECT_CONVERSION = YES_AGGRESSIVE;
				CLANG_CXX_LANGUAGE_STANDARD = "gnu++17";
				CLANG_ENABLE_MODULES = YES;
				CLANG_ENABLE_OBJC_ARC = YES;
				CLANG_ENABLE_OBJC_WEAK = YES;
				CLANG_WARN_BLOCK_CAPTURE_AUTORELEASING = YES;
				CLANG_WARN_BOOL_CONVERSION = YES;
				CLANG_WARN_COMMA = YES;
				CLANG_WARN_CONSTANT_CONVERSION = YES;
				CLANG_WARN_DEPRECATED_OBJC_IMPLEMENTATIONS = YES;
				CLANG_WARN_DIRECT_OBJC_ISA_USAGE = YES_ERROR;
				CLANG_WARN_DOCUMENTATION_COMMENTS = YES;
				CLANG_WARN_EMPTY_BODY = YES;
				CLANG_WARN_ENUM_CONVERSION = YES;
				CLANG_WARN_INFINITE_RECURSION = YES;
				CLANG_WARN_INT_CONVERSION = YES;
				CLANG_WARN_NON_LITERAL_NULL_CONVERSION = YES;
				CLANG_WARN_OBJC_IMPLICIT_RETAIN_SELF = YES;
				CLANG_WARN_OBJC_LITERAL_CONVERSION = YES;
				CLANG_WARN_OBJC_ROOT_CLASS = YES_ERROR;
				CLANG_WARN_QUOTED_INCLUDE_IN_FRAMEWORK_HEADER = YES;
				CLANG_WARN_RANGE_LOOP_ANALYSIS = YES;
				CLANG_WARN_STRICT_PROTOTYPES = YES;
				CLANG_WARN_SUSPICIOUS_MOVE = YES;
				CLANG_WARN_UNGUARDED_AVAILABILITY = YES_AGGRESSIVE;
				CLANG_WARN_UNREACHABLE_CODE = YES;
				CLANG_WARN__DUPLICATE_METHOD_MATCH = YES;
				COPY_PHASE_STRIP = NO;
				DEBUG_INFORMATION_FORMAT = dwarf;
				ENABLE_STRICT_OBJC_MSGSEND = YES;
				ENABLE_TESTABILITY = YES;
				GCC_C_LANGUAGE_STANDARD = gnu11;
				GCC_DYNAMIC_NO_PIC = NO;
				GCC_NO_COMMON_BLOCKS = YES;
				GCC_OPTIMIZATION_LEVEL = 0;
				GCC_PREPROCESSOR_DEFINITIONS = (
					"DEBUG=1",
					"$(inherited)",
				);
				GCC_WARN_64_TO_32_BIT_CONVERSION = YES;
				GCC_WARN_ABOUT_RETURN_TYPE = YES_ERROR;
				GCC_WARN_UNDECLARED_SELECTOR = YES;
				GCC_WARN_UNINITIALIZED_AUTOS = YES_AGGRESSIVE;
				GCC_WARN_UNUSED_FUNCTION = YES;
				GCC_WARN_UNUSED_VARIABLE = YES;
				IPHONEOS_DEPLOYMENT_TARGET = 15.4;
				MTL_ENABLE_DEBUG_INFO = INCLUDE_SOURCE;
				MTL_FAST_MATH = YES;
				ONLY_ACTIVE_ARCH = YES;
				SDKROOT = iphoneos;
				SWIFT_ACTIVE_COMPILATION_CONDITIONS = DEBUG;
				SWIFT_OPTIMIZATION_LEVEL = "-Onone";
			};
			name = Debug;
		};
		F4525EC9281E8F45008C52DF /* Release */ = {
			isa = XCBuildConfiguration;
			buildSettings = {
				ALWAYS_SEARCH_USER_PATHS = NO;
				CLANG_ANALYZER_NONNULL = YES;
				CLANG_ANALYZER_NUMBER_OBJECT_CONVERSION = YES_AGGRESSIVE;
				CLANG_CXX_LANGUAGE_STANDARD = "gnu++17";
				CLANG_ENABLE_MODULES = YES;
				CLANG_ENABLE_OBJC_ARC = YES;
				CLANG_ENABLE_OBJC_WEAK = YES;
				CLANG_WARN_BLOCK_CAPTURE_AUTORELEASING = YES;
				CLANG_WARN_BOOL_CONVERSION = YES;
				CLANG_WARN_COMMA = YES;
				CLANG_WARN_CONSTANT_CONVERSION = YES;
				CLANG_WARN_DEPRECATED_OBJC_IMPLEMENTATIONS = YES;
				CLANG_WARN_DIRECT_OBJC_ISA_USAGE = YES_ERROR;
				CLANG_WARN_DOCUMENTATION_COMMENTS = YES;
				CLANG_WARN_EMPTY_BODY = YES;
				CLANG_WARN_ENUM_CONVERSION = YES;
				CLANG_WARN_INFINITE_RECURSION = YES;
				CLANG_WARN_INT_CONVERSION = YES;
				CLANG_WARN_NON_LITERAL_NULL_CONVERSION = YES;
				CLANG_WARN_OBJC_IMPLICIT_RETAIN_SELF = YES;
				CLANG_WARN_OBJC_LITERAL_CONVERSION = YES;
				CLANG_WARN_OBJC_ROOT_CLASS = YES_ERROR;
				CLANG_WARN_QUOTED_INCLUDE_IN_FRAMEWORK_HEADER = YES;
				CLANG_WARN_RANGE_LOOP_ANALYSIS = YES;
				CLANG_WARN_STRICT_PROTOTYPES = YES;
				CLANG_WARN_SUSPICIOUS_MOVE = YES;
				CLANG_WARN_UNGUARDED_AVAILABILITY = YES_AGGRESSIVE;
				CLANG_WARN_UNREACHABLE_CODE = YES;
				CLANG_WARN__DUPLICATE_METHOD_MATCH = YES;
				COPY_PHASE_STRIP = NO;
				DEBUG_INFORMATION_FORMAT = "dwarf-with-dsym";
				ENABLE_NS_ASSERTIONS = NO;
				ENABLE_STRICT_OBJC_MSGSEND = YES;
				GCC_C_LANGUAGE_STANDARD = gnu11;
				GCC_NO_COMMON_BLOCKS = YES;
				GCC_WARN_64_TO_32_BIT_CONVERSION = YES;
				GCC_WARN_ABOUT_RETURN_TYPE = YES_ERROR;
				GCC_WARN_UNDECLARED_SELECTOR = YES;
				GCC_WARN_UNINITIALIZED_AUTOS = YES_AGGRESSIVE;
				GCC_WARN_UNUSED_FUNCTION = YES;
				GCC_WARN_UNUSED_VARIABLE = YES;
				IPHONEOS_DEPLOYMENT_TARGET = 15.4;
				MTL_ENABLE_DEBUG_INFO = NO;
				MTL_FAST_MATH = YES;
				SDKROOT = iphoneos;
				SWIFT_COMPILATION_MODE = wholemodule;
				SWIFT_OPTIMIZATION_LEVEL = "-O";
				VALIDATE_PRODUCT = YES;
			};
			name = Release;
		};
		F4525ECB281E8F45008C52DF /* Debug */ = {
			isa = XCBuildConfiguration;
			baseConfigurationReference = AC7EDA409E941B8430C238AF /* Pods-UnsPlashSwiftUI.debug.xcconfig */;
			buildSettings = {
				ASSETCATALOG_COMPILER_APPICON_NAME = AppIcon;
				ASSETCATALOG_COMPILER_GLOBAL_ACCENT_COLOR_NAME = AccentColor;
				CODE_SIGN_STYLE = Automatic;
				CURRENT_PROJECT_VERSION = 1;
				DEVELOPMENT_ASSET_PATHS = "\"UnsPlashSwiftUI/Preview Content\"";
				ENABLE_PREVIEWS = YES;
				GENERATE_INFOPLIST_FILE = YES;
				INFOPLIST_KEY_UIApplicationSceneManifest_Generation = YES;
				INFOPLIST_KEY_UIApplicationSupportsIndirectInputEvents = YES;
				INFOPLIST_KEY_UILaunchScreen_Generation = YES;
				INFOPLIST_KEY_UISupportedInterfaceOrientations_iPad = "UIInterfaceOrientationPortrait UIInterfaceOrientationPortraitUpsideDown UIInterfaceOrientationLandscapeLeft UIInterfaceOrientationLandscapeRight";
				INFOPLIST_KEY_UISupportedInterfaceOrientations_iPhone = "UIInterfaceOrientationPortrait UIInterfaceOrientationLandscapeLeft UIInterfaceOrientationLandscapeRight";
				LD_RUNPATH_SEARCH_PATHS = (
					"$(inherited)",
					"@executable_path/Frameworks",
				);
				MARKETING_VERSION = 1.0;
				PRODUCT_BUNDLE_IDENTIFIER = com.happytime.app.UnsPlashSwiftUI;
				PRODUCT_NAME = "$(TARGET_NAME)";
				SWIFT_EMIT_LOC_STRINGS = YES;
				SWIFT_VERSION = 5.0;
				TARGETED_DEVICE_FAMILY = "1,2";
			};
			name = Debug;
		};
		F4525ECC281E8F45008C52DF /* Release */ = {
			isa = XCBuildConfiguration;
			baseConfigurationReference = F6EDA17043A9B75E266DFDDC /* Pods-UnsPlashSwiftUI.release.xcconfig */;
			buildSettings = {
				ASSETCATALOG_COMPILER_APPICON_NAME = AppIcon;
				ASSETCATALOG_COMPILER_GLOBAL_ACCENT_COLOR_NAME = AccentColor;
				CODE_SIGN_STYLE = Automatic;
				CURRENT_PROJECT_VERSION = 1;
				DEVELOPMENT_ASSET_PATHS = "\"UnsPlashSwiftUI/Preview Content\"";
				ENABLE_PREVIEWS = YES;
				GENERATE_INFOPLIST_FILE = YES;
				INFOPLIST_KEY_UIApplicationSceneManifest_Generation = YES;
				INFOPLIST_KEY_UIApplicationSupportsIndirectInputEvents = YES;
				INFOPLIST_KEY_UILaunchScreen_Generation = YES;
				INFOPLIST_KEY_UISupportedInterfaceOrientations_iPad = "UIInterfaceOrientationPortrait UIInterfaceOrientationPortraitUpsideDown UIInterfaceOrientationLandscapeLeft UIInterfaceOrientationLandscapeRight";
				INFOPLIST_KEY_UISupportedInterfaceOrientations_iPhone = "UIInterfaceOrientationPortrait UIInterfaceOrientationLandscapeLeft UIInterfaceOrientationLandscapeRight";
				LD_RUNPATH_SEARCH_PATHS = (
					"$(inherited)",
					"@executable_path/Frameworks",
				);
				MARKETING_VERSION = 1.0;
				PRODUCT_BUNDLE_IDENTIFIER = com.happytime.app.UnsPlashSwiftUI;
				PRODUCT_NAME = "$(TARGET_NAME)";
				SWIFT_EMIT_LOC_STRINGS = YES;
				SWIFT_VERSION = 5.0;
				TARGETED_DEVICE_FAMILY = "1,2";
			};
			name = Release;
		};
/* End XCBuildConfiguration section */

/* Begin XCConfigurationList section */
		F4525EB7281E8F43008C52DF /* Build configuration list for PBXProject "UnsPlashSwiftUI" */ = {
			isa = XCConfigurationList;
			buildConfigurations = (
				F4525EC8281E8F45008C52DF /* Debug */,
				F4525EC9281E8F45008C52DF /* Release */,
			);
			defaultConfigurationIsVisible = 0;
			defaultConfigurationName = Release;
		};
		F4525ECA281E8F45008C52DF /* Build configuration list for PBXNativeTarget "UnsPlashSwiftUI" */ = {
			isa = XCConfigurationList;
			buildConfigurations = (
				F4525ECB281E8F45008C52DF /* Debug */,
				F4525ECC281E8F45008C52DF /* Release */,
			);
			defaultConfigurationIsVisible = 0;
			defaultConfigurationName = Release;
		};
/* End XCConfigurationList section */
	};
	rootObject = F4525EB4281E8F43008C52DF /* Project object */;
}
